
Microsoft Visual Studio Solution File, Format Version 12.00
# Visual Studio 15
VisualStudioVersion = 15.0.28010.2036
MinimumVisualStudioVersion = 10.0.40219.1
Project("{FAE04EC0-301F-11D3-BF4B-00C04F79EFBC}") = "LeapYear", "LeapYear\LeapYear.csproj", "{8EA35CDB-57E1-44D7-810A-7CB256B0383E}"
EndProject
Global
	GlobalSection(SolutionConfigurationPlatforms) = preSolution
		Debug|Any CPU = Debug|Any CPU
		Release|Any CPU = Release|Any CPU
	EndGlobalSection
	GlobalSection(ProjectConfigurationPlatforms) = postSolution
		{8EA35CDB-57E1-44D7-810A-7CB256B0383E}.Debug|Any CPU.ActiveCfg = Debug|Any CPU
		{8EA35CDB-57E1-44D7-810A-7CB256B0383E}.Debug|Any CPU.Build.0 = Debug|Any CPU
		{8EA35CDB-57E1-44D7-810A-7CB256B0383E}.Release|Any CPU.ActiveCfg = Release|Any CPU
		{8EA35CDB-57E1-44D7-810A-7CB256B0383E}.Release|Any CPU.Build.0 = Release|Any CPU
	EndGlobalSection
	GlobalSection(SolutionProperties) = preSolution
		HideSolutionNode = FALSE
	EndGlobalSection
	GlobalSection(ExtensibilityGlobals) = postSolution
		SolutionGuid = {70AC6FC3-934E-44F7-A245-191DA45EEBFE}
	EndGlobalSection
EndGlobal
