
Microsoft Visual Studio Solution File, Format Version 12.00
# Visual Studio 15
VisualStudioVersion = 15.0.28010.2036
MinimumVisualStudioVersion = 10.0.40219.1
Project("{FAE04EC0-301F-11D3-BF4B-00C04F79EFBC}") = "MinMaxList", "MinMaxList\MinMaxList.csproj", "{526C05D1-959E-4E4C-9BD8-5EB30A9A4B88}"
EndProject
Global
	GlobalSection(SolutionConfigurationPlatforms) = preSolution
		Debug|Any CPU = Debug|Any CPU
		Release|Any CPU = Release|Any CPU
	EndGlobalSection
	GlobalSection(ProjectConfigurationPlatforms) = postSolution
		{526C05D1-959E-4E4C-9BD8-5EB30A9A4B88}.Debug|Any CPU.ActiveCfg = Debug|Any CPU
		{526C05D1-959E-4E4C-9BD8-5EB30A9A4B88}.Debug|Any CPU.Build.0 = Debug|Any CPU
		{526C05D1-959E-4E4C-9BD8-5EB30A9A4B88}.Release|Any CPU.ActiveCfg = Release|Any CPU
		{526C05D1-959E-4E4C-9BD8-5EB30A9A4B88}.Release|Any CPU.Build.0 = Release|Any CPU
	EndGlobalSection
	GlobalSection(SolutionProperties) = preSolution
		HideSolutionNode = FALSE
	EndGlobalSection
	GlobalSection(ExtensibilityGlobals) = postSolution
		SolutionGuid = {FE55D670-C94E-444E-8BE1-D56179821C0C}
	EndGlobalSection
EndGlobal
